
Microsoft Visual Studio Solution File, Format Version 12.00
# Visual Studio 15
VisualStudioVersion = 15.0.28307.902
MinimumVisualStudioVersion = 10.0.40219.1
Project("{FAE04EC0-301F-11D3-BF4B-00C04F79EFBC}") = "Loto", "Loto\Loto.csproj", "{DEB69FDE-0ED7-4FC1-B112-8E1447628201}"
EndProject
Global
	GlobalSection(SolutionConfigurationPlatforms) = preSolution
		Debug|Any CPU = Debug|Any CPU
		Release|Any CPU = Release|Any CPU
	EndGlobalSection
	GlobalSection(ProjectConfigurationPlatforms) = postSolution
		{DEB69FDE-0ED7-4FC1-B112-8E1447628201}.Debug|Any CPU.ActiveCfg = Debug|Any CPU
		{DEB69FDE-0ED7-4FC1-B112-8E1447628201}.Debug|Any CPU.Build.0 = Debug|Any CPU
		{DEB69FDE-0ED7-4FC1-B112-8E1447628201}.Release|Any CPU.ActiveCfg = Release|Any CPU
		{DEB69FDE-0ED7-4FC1-B112-8E1447628201}.Release|Any CPU.Build.0 = Release|Any CPU
	EndGlobalSection
	GlobalSection(SolutionProperties) = preSolution
		HideSolutionNode = FALSE
	EndGlobalSection
	GlobalSection(ExtensibilityGlobals) = postSolution
		SolutionGuid = {4E2B7052-5A38-46DC-A7E1-4B5CA7C9113A}
	EndGlobalSection
EndGlobal
